
Microsoft Visual Studio Solution File, Format Version 10.00
# Visual Studio 2008
Project("{8BC9CEB8-8B4A-11D0-8D11-00A0C91BC942}") = "echo_client", "echo_client\echo_client.vcproj", "{108F29B7-E81F-42C4-ABE9-BB3CD1EBF4B9}"
EndProject
Project("{8BC9CEB8-8B4A-11D0-8D11-00A0C91BC942}") = "cheat", "cheat\cheat.vcproj", "{4480BD72-1723-4582-B785-F0E24983CBEA}"
EndProject
Project("{8BC9CEB8-8B4A-11D0-8D11-00A0C91BC942}") = "server", "server\server.vcproj", "{4A11F2E7-A63A-4EBE-8B23-D7B06BE5E01A}"
EndProject
Project("{8BC9CEB8-8B4A-11D0-8D11-00A0C91BC942}") = "client", "client\client.vcproj", "{76123EDD-3251-4368-B332-3333F23B31C8}"
EndProject
Project("{8BC9CEB8-8B4A-11D0-8D11-00A0C91BC942}") = "fastnetwork", "fastnetwork\fastnetwork.vcproj", "{7A08B416-79AB-4F94-90E3-AFA3CF929F28}"
EndProject
Project("{8BC9CEB8-8B4A-11D0-8D11-00A0C91BC942}") = "tcp_server", "tcp_server\tcp_server.vcproj", "{BDE95C0E-5FEE-4C2D-AA52-4BA75331CC14}"
EndProject
Project("{8BC9CEB8-8B4A-11D0-8D11-00A0C91BC942}") = "libfast", "libfast\libfast.vcproj", "{62BCB993-B244-42AC-A3DA-8B5A8A0F1367}"
EndProject
Project("{8BC9CEB8-8B4A-11D0-8D11-00A0C91BC942}") = "tcp_client", "tcp_client\tcp_client.vcproj", "{381FF604-BCDA-48DC-87FF-7C656DE88BF3}"
EndProject
Global
	GlobalSection(SolutionConfigurationPlatforms) = preSolution
		Debug|Win32 = Debug|Win32
		Release|Win32 = Release|Win32
	EndGlobalSection
	GlobalSection(ProjectConfigurationPlatforms) = postSolution
		{108F29B7-E81F-42C4-ABE9-BB3CD1EBF4B9}.Debug|Win32.ActiveCfg = Debug|Win32
		{108F29B7-E81F-42C4-ABE9-BB3CD1EBF4B9}.Debug|Win32.Build.0 = Debug|Win32
		{108F29B7-E81F-42C4-ABE9-BB3CD1EBF4B9}.Release|Win32.ActiveCfg = Release|Win32
		{108F29B7-E81F-42C4-ABE9-BB3CD1EBF4B9}.Release|Win32.Build.0 = Release|Win32
		{4480BD72-1723-4582-B785-F0E24983CBEA}.Debug|Win32.ActiveCfg = Debug|Win32
		{4480BD72-1723-4582-B785-F0E24983CBEA}.Debug|Win32.Build.0 = Debug|Win32
		{4480BD72-1723-4582-B785-F0E24983CBEA}.Release|Win32.ActiveCfg = Release|Win32
		{4480BD72-1723-4582-B785-F0E24983CBEA}.Release|Win32.Build.0 = Release|Win32
		{4A11F2E7-A63A-4EBE-8B23-D7B06BE5E01A}.Debug|Win32.ActiveCfg = Debug|Win32
		{4A11F2E7-A63A-4EBE-8B23-D7B06BE5E01A}.Debug|Win32.Build.0 = Debug|Win32
		{4A11F2E7-A63A-4EBE-8B23-D7B06BE5E01A}.Release|Win32.ActiveCfg = Release|Win32
		{4A11F2E7-A63A-4EBE-8B23-D7B06BE5E01A}.Release|Win32.Build.0 = Release|Win32
		{76123EDD-3251-4368-B332-3333F23B31C8}.Debug|Win32.ActiveCfg = Debug|Win32
		{76123EDD-3251-4368-B332-3333F23B31C8}.Debug|Win32.Build.0 = Debug|Win32
		{76123EDD-3251-4368-B332-3333F23B31C8}.Release|Win32.ActiveCfg = Release|Win32
		{76123EDD-3251-4368-B332-3333F23B31C8}.Release|Win32.Build.0 = Release|Win32
		{7A08B416-79AB-4F94-90E3-AFA3CF929F28}.Debug|Win32.ActiveCfg = Debug|Win32
		{7A08B416-79AB-4F94-90E3-AFA3CF929F28}.Debug|Win32.Build.0 = Debug|Win32
		{7A08B416-79AB-4F94-90E3-AFA3CF929F28}.Release|Win32.ActiveCfg = Release|Win32
		{7A08B416-79AB-4F94-90E3-AFA3CF929F28}.Release|Win32.Build.0 = Release|Win32
		{BDE95C0E-5FEE-4C2D-AA52-4BA75331CC14}.Debug|Win32.ActiveCfg = Debug|Win32
		{BDE95C0E-5FEE-4C2D-AA52-4BA75331CC14}.Debug|Win32.Build.0 = Debug|Win32
		{BDE95C0E-5FEE-4C2D-AA52-4BA75331CC14}.Release|Win32.ActiveCfg = Release|Win32
		{BDE95C0E-5FEE-4C2D-AA52-4BA75331CC14}.Release|Win32.Build.0 = Release|Win32
		{62BCB993-B244-42AC-A3DA-8B5A8A0F1367}.Debug|Win32.ActiveCfg = Debug|Win32
		{62BCB993-B244-42AC-A3DA-8B5A8A0F1367}.Debug|Win32.Build.0 = Debug|Win32
		{62BCB993-B244-42AC-A3DA-8B5A8A0F1367}.Release|Win32.ActiveCfg = Release|Win32
		{62BCB993-B244-42AC-A3DA-8B5A8A0F1367}.Release|Win32.Build.0 = Release|Win32
		{381FF604-BCDA-48DC-87FF-7C656DE88BF3}.Debug|Win32.ActiveCfg = Debug|Win32
		{381FF604-BCDA-48DC-87FF-7C656DE88BF3}.Debug|Win32.Build.0 = Debug|Win32
		{381FF604-BCDA-48DC-87FF-7C656DE88BF3}.Release|Win32.ActiveCfg = Release|Win32
		{381FF604-BCDA-48DC-87FF-7C656DE88BF3}.Release|Win32.Build.0 = Release|Win32
	EndGlobalSection
	GlobalSection(SolutionProperties) = preSolution
		HideSolutionNode = FALSE
	EndGlobalSection
EndGlobal
